
Microsoft Visual Studio Solution File, Format Version 12.00
# Visual Studio 15
VisualStudioVersion = 15.0.27130.2010
MinimumVisualStudioVersion = 10.0.40219.1
Project("{9A19103F-16F7-4668-BE54-9A1E7A4F7556}") = "Opportunity.MathExpression", "Opportunity.MathExpression\Opportunity.MathExpression.csproj", "{47C01933-81AB-4145-803C-4202A02B2932}"
EndProject
Project("{FAE04EC0-301F-11D3-BF4B-00C04F79EFBC}") = "UWPCaculator", "UWPCaculator\UWPCaculator.csproj", "{1B5BE249-46F3-43E8-9108-5E816F7FCBA1}"
EndProject
Global
	GlobalSection(SolutionConfigurationPlatforms) = preSolution
		Debug|Any CPU = Debug|Any CPU
		Debug|ARM = Debug|ARM
		Debug|x64 = Debug|x64
		Debug|x86 = Debug|x86
		Release|Any CPU = Release|Any CPU
		Release|ARM = Release|ARM
		Release|x64 = Release|x64
		Release|x86 = Release|x86
	EndGlobalSection
	GlobalSection(ProjectConfigurationPlatforms) = postSolution
		{47C01933-81AB-4145-803C-4202A02B2932}.Debug|Any CPU.ActiveCfg = Debug|Any CPU
		{47C01933-81AB-4145-803C-4202A02B2932}.Debug|Any CPU.Build.0 = Debug|Any CPU
		{47C01933-81AB-4145-803C-4202A02B2932}.Debug|ARM.ActiveCfg = Debug|Any CPU
		{47C01933-81AB-4145-803C-4202A02B2932}.Debug|ARM.Build.0 = Debug|Any CPU
		{47C01933-81AB-4145-803C-4202A02B2932}.Debug|x64.ActiveCfg = Debug|Any CPU
		{47C01933-81AB-4145-803C-4202A02B2932}.Debug|x64.Build.0 = Debug|Any CPU
		{47C01933-81AB-4145-803C-4202A02B2932}.Debug|x86.ActiveCfg = Debug|Any CPU
		{47C01933-81AB-4145-803C-4202A02B2932}.Debug|x86.Build.0 = Debug|Any CPU
		{47C01933-81AB-4145-803C-4202A02B2932}.Release|Any CPU.ActiveCfg = Release|Any CPU
		{47C01933-81AB-4145-803C-4202A02B2932}.Release|Any CPU.Build.0 = Release|Any CPU
		{47C01933-81AB-4145-803C-4202A02B2932}.Release|ARM.ActiveCfg = Release|Any CPU
		{47C01933-81AB-4145-803C-4202A02B2932}.Release|ARM.Build.0 = Release|Any CPU
		{47C01933-81AB-4145-803C-4202A02B2932}.Release|x64.ActiveCfg = Release|Any CPU
		{47C01933-81AB-4145-803C-4202A02B2932}.Release|x64.Build.0 = Release|Any CPU
		{47C01933-81AB-4145-803C-4202A02B2932}.Release|x86.ActiveCfg = Release|Any CPU
		{47C01933-81AB-4145-803C-4202A02B2932}.Release|x86.Build.0 = Release|Any CPU
		{1B5BE249-46F3-43E8-9108-5E816F7FCBA1}.Debug|Any CPU.ActiveCfg = Debug|x64
		{1B5BE249-46F3-43E8-9108-5E816F7FCBA1}.Debug|Any CPU.Build.0 = Debug|x64
		{1B5BE249-46F3-43E8-9108-5E816F7FCBA1}.Debug|Any CPU.Deploy.0 = Debug|x64
		{1B5BE249-46F3-43E8-9108-5E816F7FCBA1}.Debug|ARM.ActiveCfg = Debug|ARM
		{1B5BE249-46F3-43E8-9108-5E816F7FCBA1}.Debug|ARM.Build.0 = Debug|ARM
		{1B5BE249-46F3-43E8-9108-5E816F7FCBA1}.Debug|ARM.Deploy.0 = Debug|ARM
		{1B5BE249-46F3-43E8-9108-5E816F7FCBA1}.Debug|x64.ActiveCfg = Debug|x64
		{1B5BE249-46F3-43E8-9108-5E816F7FCBA1}.Debug|x64.Build.0 = Debug|x64
		{1B5BE249-46F3-43E8-9108-5E816F7FCBA1}.Debug|x64.Deploy.0 = Debug|x64
		{1B5BE249-46F3-43E8-9108-5E816F7FCBA1}.Debug|x86.ActiveCfg = Debug|x86
		{1B5BE249-46F3-43E8-9108-5E816F7FCBA1}.Debug|x86.Build.0 = Debug|x86
		{1B5BE249-46F3-43E8-9108-5E816F7FCBA1}.Debug|x86.Deploy.0 = Debug|x86
		{1B5BE249-46F3-43E8-9108-5E816F7FCBA1}.Release|Any CPU.ActiveCfg = Debug|x64
		{1B5BE249-46F3-43E8-9108-5E816F7FCBA1}.Release|Any CPU.Build.0 = Debug|x64
		{1B5BE249-46F3-43E8-9108-5E816F7FCBA1}.Release|Any CPU.Deploy.0 = Debug|x64
		{1B5BE249-46F3-43E8-9108-5E816F7FCBA1}.Release|ARM.ActiveCfg = Release|ARM
		{1B5BE249-46F3-43E8-9108-5E816F7FCBA1}.Release|ARM.Build.0 = Release|ARM
		{1B5BE249-46F3-43E8-9108-5E816F7FCBA1}.Release|ARM.Deploy.0 = Release|ARM
		{1B5BE249-46F3-43E8-9108-5E816F7FCBA1}.Release|x64.ActiveCfg = Release|x64
		{1B5BE249-46F3-43E8-9108-5E816F7FCBA1}.Release|x64.Build.0 = Release|x64
		{1B5BE249-46F3-43E8-9108-5E816F7FCBA1}.Release|x64.Deploy.0 = Release|x64
		{1B5BE249-46F3-43E8-9108-5E816F7FCBA1}.Release|x86.ActiveCfg = Release|x86
		{1B5BE249-46F3-43E8-9108-5E816F7FCBA1}.Release|x86.Build.0 = Release|x86
		{1B5BE249-46F3-43E8-9108-5E816F7FCBA1}.Release|x86.Deploy.0 = Release|x86
	EndGlobalSection
	GlobalSection(SolutionProperties) = preSolution
		HideSolutionNode = FALSE
	EndGlobalSection
	GlobalSection(ExtensibilityGlobals) = postSolution
		SolutionGuid = {0CB71658-4153-41A3-9B33-61EDF457B742}
	EndGlobalSection
EndGlobal
